# THIS IS AN AUTOGENERATED FILE. DO NOT EDIT THIS FILE DIRECTLY.
# yarn lockfile v1


fsm-iterator@^1.1.0:
  version "1.1.0"
  resolved "https://registry.yarnpkg.com/fsm-iterator/-/fsm-iterator-1.1.0.tgz#337de45de19eb205788cf02e3a955ec206760dec"
  integrity sha512-hg47CNYdIGJ5m9WSKh617LHRdvJo4PiF0VkncFLwPVxKvBEQfSPd1qx/xLV/eSusewEu0C8eUFrsLsWlBgIcOg==

lodash.isequal@^4.5.0:
  version "4.5.0"
  resolved "https://registry.yarnpkg.com/lodash.isequal/-/lodash.isequal-4.5.0.tgz#415c4478f2bcc30120c22ce10ed3226f7d3e18e0"
  integrity sha512-pDo3lu8Jhfjqls6GkMgpahsF9kCyayhgykjyLMNFTKWrpVdAQtYyB4muAMWozBB4ig/dtWAmsMxLEI8wuz+DYQ==

lodash.ismatch@^4.4.0:
  version "4.4.0"
  resolved "https://registry.yarnpkg.com/lodash.ismatch/-/lodash.ismatch-4.4.0.tgz#756cb5150ca3ba6f11085a78849645f188f85f37"
  integrity sha512-fPMfXjGQEV9Xsq/8MTSgUf255gawYRbjwMyDbcvDhXgV7enSZA0hynz6vMPnpAb5iONEzBHBPsT+0zes5Z301g==

redux-saga-test-plan@^4.0.6:
  version "4.0.6"
  resolved "https://registry.yarnpkg.com/redux-saga-test-plan/-/redux-saga-test-plan-4.0.6.tgz#0e50a68f63083fbda4bb20cc087833d5b84ace77"
  integrity sha512-ESdbFoDWCeJ/EiFdUNSCGtA2CC9tnuvHDm6k06gVFa98EIeR2hpzFkGk9kJ1/hpMUnYFp+OOEEITIrZeDYBfFg==
  dependencies:
    fsm-iterator "^1.1.0"
    lodash.isequal "^4.5.0"
    lodash.ismatch "^4.4.0"
