dependencies:
- name: redis
  repository: https://charts.bitnami.com/bitnami
  version: 16.11.2
- name: mongodb
  repository: https://charts.bitnami.com/bitnami
  version: 12.1.16
- name: postgresql
  repository: https://charts.bitnami.com/bitnami
  version: 11.9.5
- name: prometheus
  repository: https://prometheus-community.github.io/helm-charts
  version: 25.27.0
digest: sha256:4440c0eefe678ee855aeef5380455dc63d0f3dbc2affb3b4c68d2a1d464899bd
generated: "2025-10-16T15:08:09.451962+05:30"
