dependencies:
- name: redis
  repository: https://charts.bitnami.com/bitnami
  version: 16.11.2
- name: mongodb
  repository: https://charts.bitnami.com/bitnami
  version: 12.1.16
- name: postgresql
  repository: https://charts.bitnami.com/bitnami
  version: 11.9.5
digest: sha256:41535e34aa188bcca32a017851601ae79bd7e6ccdd77d09a2c3199ac13e88ccf
generated: "2023-02-01T22:57:05.177421+05:30"